{
  "name": "node-starter",
  "lockfileVersion": 3,
  "requires": true,
  "packages": {
    "": {
      "name": "node-starter",
      "dependencies": {
        "@hono/node-server": "^1.13.7",
        "hono": "^4.9.7"
      }
    },
    "node_modules/@hono/node-server": {
      "version": "1.13.7",
      "resolved": "https://registry.npmjs.org/@hono/node-server/-/node-server-1.13.7.tgz",
      "integrity": "sha512-kTfUMsoloVKtRA2fLiGSd9qBddmru9KadNyhJCwgKBxTiNkaAJEwkVN9KV/rS4HtmmNRtUh6P+YpmjRMl0d9vQ==",
      "engines": {
        "node": ">=18.14.1"
      },
      "peerDependencies": {
        "hono": "^4"
      }
    },
    "node_modules/hono": {
      "version": "4.9.7",
      "resolved": "https://registry.npmjs.org/hono/-/hono-4.9.7.tgz",
      "integrity": "sha512-t4Te6ERzIaC48W3x4hJmBwgNlLhmiEdEE5ViYb02ffw4ignHNHa5IBtPjmbKstmtKa8X6C35iWwK4HaqvrzG9w==",
      "license": "MIT",
      "engines": {
        "node": ">=16.9.0"
      }
    }
  }
}
