{
  "name": "node-starter",
  "lockfileVersion": 3,
  "requires": true,
  "packages": {
    "": {
      "name": "node-starter",
      "dependencies": {
        "@hono/node-server": "^1.13.7",
        "hono": "^4.6.17"
      }
    },
    "node_modules/@hono/node-server": {
      "version": "1.13.7",
      "resolved": "https://registry.npmjs.org/@hono/node-server/-/node-server-1.13.7.tgz",
      "integrity": "sha512-kTfUMsoloVKtRA2fLiGSd9qBddmru9KadNyhJCwgKBxTiNkaAJEwkVN9KV/rS4HtmmNRtUh6P+YpmjRMl0d9vQ==",
      "engines": {
        "node": ">=18.14.1"
      },
      "peerDependencies": {
        "hono": "^4"
      }
    },
    "node_modules/hono": {
      "version": "4.6.17",
      "resolved": "https://registry.npmjs.org/hono/-/hono-4.6.17.tgz",
      "integrity": "sha512-Kbh4M0so2RzLiIg6iP33DoTU68TdvP2O/kb1Hhhdwa37fazuf402ig8ZRfjkz2dqXwiWl2dAgh0f++TuKAdOtQ==",
      "engines": {
        "node": ">=16.9.0"
      }
    }
  }
}
